
Microsoft Visual Studio Solution File, Format Version 12.00
# Visual Studio Version 17
VisualStudioVersion = 17.5.33530.505
MinimumVisualStudioVersion = 10.0.40219.1
Project("{2150E333-8FDC-42A3-9474-1A3956D46DE8}") = "src", "src", "{050FA300-AEDE-4B1B-8A09-97B1D168069A}"
EndProject
Project("{2150E333-8FDC-42A3-9474-1A3956D46DE8}") = "Modules", "Modules", "{2C96EB0A-590E-4FB3-9DE2-81290E4F6F79}"
EndProject
Project("{2150E333-8FDC-42A3-9474-1A3956D46DE8}") = "Bootstraper", "Bootstraper", "{E52AD6E9-417F-4449-8F02-37238864E3E1}"
EndProject
Project("{2150E333-8FDC-42A3-9474-1A3956D46DE8}") = "Auth", "Auth", "{8848C58D-BA82-4F30-8EB9-41420AC39017}"
EndProject
Project("{2150E333-8FDC-42A3-9474-1A3956D46DE8}") = "Weather", "Weather", "{667C0B6A-AC0D-4EA0-860D-4A0E16635B2F}"
EndProject
Project("{FAE04EC0-301F-11D3-BF4B-00C04F79EFBC}") = "Shared", "src\Shared\Shared.csproj", "{8806D1DD-91DF-4D5B-9CEA-C6B16CDED0DF}"
EndProject
Project("{FAE04EC0-301F-11D3-BF4B-00C04F79EFBC}") = "App.Client", "src\Bootstraper\App.Client\App.Client.csproj", "{E787FAA0-B64D-444A-8896-C9CEECFA42C3}"
EndProject
Project("{FAE04EC0-301F-11D3-BF4B-00C04F79EFBC}") = "App.Server", "src\Bootstraper\App.Server\App.Server.csproj", "{41D85B37-9D4B-4011-BD7A-CA35B97F34FC}"
EndProject
Project("{FAE04EC0-301F-11D3-BF4B-00C04F79EFBC}") = "App.Models.Weather.Shared", "src\Modules\Weather\App.Models.Weather.Shared\App.Models.Weather.Shared.csproj", "{9EE6D393-DF43-45A7-B34C-6F657035811E}"
EndProject
Project("{FAE04EC0-301F-11D3-BF4B-00C04F79EFBC}") = "App.Modules.Auth.Api", "src\Modules\Auth\App.Modules.Auth.Api\App.Modules.Auth.Api.csproj", "{B382C427-CAB7-48C6-92C4-845DFCE7BEF5}"
EndProject
Project("{FAE04EC0-301F-11D3-BF4B-00C04F79EFBC}") = "App.Modules.Auth.Shared", "src\Modules\Auth\App.Modules.Auth.Shared\App.Modules.Auth.Shared.csproj", "{75D8B08F-FC1E-4103-BB7E-D9AD83F69636}"
EndProject
Project("{FAE04EC0-301F-11D3-BF4B-00C04F79EFBC}") = "App.Modules.Auth.Application", "src\Modules\Auth\App.Modules.Auth.Application\App.Modules.Auth.Application.csproj", "{F86AEE06-1F7C-41C0-A3BF-D1371045CE35}"
EndProject
Project("{FAE04EC0-301F-11D3-BF4B-00C04F79EFBC}") = "App.Modules.Auth.Infrastructure", "src\Modules\Auth\App.Modules.Auth.Infrastructure\App.Modules.Auth.Infrastructure.csproj", "{7B26F19E-736B-42AF-B4AE-BD8B0F2EDE7E}"
EndProject
Project("{FAE04EC0-301F-11D3-BF4B-00C04F79EFBC}") = "App.Modules.Auth.Core", "src\Modules\Auth\App.Modules.Auth.Core\App.Modules.Auth.Core.csproj", "{F1153F30-6154-4CF1-8509-4039FA31523B}"
EndProject
Global
	GlobalSection(SolutionConfigurationPlatforms) = preSolution
		Debug|Any CPU = Debug|Any CPU
		Release|Any CPU = Release|Any CPU
	EndGlobalSection
	GlobalSection(ProjectConfigurationPlatforms) = postSolution
		{8806D1DD-91DF-4D5B-9CEA-C6B16CDED0DF}.Debug|Any CPU.ActiveCfg = Debug|Any CPU
		{8806D1DD-91DF-4D5B-9CEA-C6B16CDED0DF}.Debug|Any CPU.Build.0 = Debug|Any CPU
		{8806D1DD-91DF-4D5B-9CEA-C6B16CDED0DF}.Release|Any CPU.ActiveCfg = Release|Any CPU
		{8806D1DD-91DF-4D5B-9CEA-C6B16CDED0DF}.Release|Any CPU.Build.0 = Release|Any CPU
		{E787FAA0-B64D-444A-8896-C9CEECFA42C3}.Debug|Any CPU.ActiveCfg = Debug|Any CPU
		{E787FAA0-B64D-444A-8896-C9CEECFA42C3}.Debug|Any CPU.Build.0 = Debug|Any CPU
		{E787FAA0-B64D-444A-8896-C9CEECFA42C3}.Release|Any CPU.ActiveCfg = Release|Any CPU
		{E787FAA0-B64D-444A-8896-C9CEECFA42C3}.Release|Any CPU.Build.0 = Release|Any CPU
		{41D85B37-9D4B-4011-BD7A-CA35B97F34FC}.Debug|Any CPU.ActiveCfg = Debug|Any CPU
		{41D85B37-9D4B-4011-BD7A-CA35B97F34FC}.Debug|Any CPU.Build.0 = Debug|Any CPU
		{41D85B37-9D4B-4011-BD7A-CA35B97F34FC}.Release|Any CPU.ActiveCfg = Release|Any CPU
		{41D85B37-9D4B-4011-BD7A-CA35B97F34FC}.Release|Any CPU.Build.0 = Release|Any CPU
		{9EE6D393-DF43-45A7-B34C-6F657035811E}.Debug|Any CPU.ActiveCfg = Debug|Any CPU
		{9EE6D393-DF43-45A7-B34C-6F657035811E}.Debug|Any CPU.Build.0 = Debug|Any CPU
		{9EE6D393-DF43-45A7-B34C-6F657035811E}.Release|Any CPU.ActiveCfg = Release|Any CPU
		{9EE6D393-DF43-45A7-B34C-6F657035811E}.Release|Any CPU.Build.0 = Release|Any CPU
		{B382C427-CAB7-48C6-92C4-845DFCE7BEF5}.Debug|Any CPU.ActiveCfg = Debug|Any CPU
		{B382C427-CAB7-48C6-92C4-845DFCE7BEF5}.Debug|Any CPU.Build.0 = Debug|Any CPU
		{B382C427-CAB7-48C6-92C4-845DFCE7BEF5}.Release|Any CPU.ActiveCfg = Release|Any CPU
		{B382C427-CAB7-48C6-92C4-845DFCE7BEF5}.Release|Any CPU.Build.0 = Release|Any CPU
		{75D8B08F-FC1E-4103-BB7E-D9AD83F69636}.Debug|Any CPU.ActiveCfg = Debug|Any CPU
		{75D8B08F-FC1E-4103-BB7E-D9AD83F69636}.Debug|Any CPU.Build.0 = Debug|Any CPU
		{75D8B08F-FC1E-4103-BB7E-D9AD83F69636}.Release|Any CPU.ActiveCfg = Release|Any CPU
		{75D8B08F-FC1E-4103-BB7E-D9AD83F69636}.Release|Any CPU.Build.0 = Release|Any CPU
		{F86AEE06-1F7C-41C0-A3BF-D1371045CE35}.Debug|Any CPU.ActiveCfg = Debug|Any CPU
		{F86AEE06-1F7C-41C0-A3BF-D1371045CE35}.Debug|Any CPU.Build.0 = Debug|Any CPU
		{F86AEE06-1F7C-41C0-A3BF-D1371045CE35}.Release|Any CPU.ActiveCfg = Release|Any CPU
		{F86AEE06-1F7C-41C0-A3BF-D1371045CE35}.Release|Any CPU.Build.0 = Release|Any CPU
		{7B26F19E-736B-42AF-B4AE-BD8B0F2EDE7E}.Debug|Any CPU.ActiveCfg = Debug|Any CPU
		{7B26F19E-736B-42AF-B4AE-BD8B0F2EDE7E}.Debug|Any CPU.Build.0 = Debug|Any CPU
		{7B26F19E-736B-42AF-B4AE-BD8B0F2EDE7E}.Release|Any CPU.ActiveCfg = Release|Any CPU
		{7B26F19E-736B-42AF-B4AE-BD8B0F2EDE7E}.Release|Any CPU.Build.0 = Release|Any CPU
		{F1153F30-6154-4CF1-8509-4039FA31523B}.Debug|Any CPU.ActiveCfg = Debug|Any CPU
		{F1153F30-6154-4CF1-8509-4039FA31523B}.Debug|Any CPU.Build.0 = Debug|Any CPU
		{F1153F30-6154-4CF1-8509-4039FA31523B}.Release|Any CPU.ActiveCfg = Release|Any CPU
		{F1153F30-6154-4CF1-8509-4039FA31523B}.Release|Any CPU.Build.0 = Release|Any CPU
	EndGlobalSection
	GlobalSection(SolutionProperties) = preSolution
		HideSolutionNode = FALSE
	EndGlobalSection
	GlobalSection(ExtensibilityGlobals) = postSolution
		SolutionGuid = {7E17294F-7FA2-46A3-8B3D-9F537FE2B41E}
	EndGlobalSection
	GlobalSection(NestedProjects) = preSolution
		{2C96EB0A-590E-4FB3-9DE2-81290E4F6F79} = {050FA300-AEDE-4B1B-8A09-97B1D168069A}
		{E52AD6E9-417F-4449-8F02-37238864E3E1} = {050FA300-AEDE-4B1B-8A09-97B1D168069A}
		{8848C58D-BA82-4F30-8EB9-41420AC39017} = {2C96EB0A-590E-4FB3-9DE2-81290E4F6F79}
		{667C0B6A-AC0D-4EA0-860D-4A0E16635B2F} = {2C96EB0A-590E-4FB3-9DE2-81290E4F6F79}
		{8806D1DD-91DF-4D5B-9CEA-C6B16CDED0DF} = {050FA300-AEDE-4B1B-8A09-97B1D168069A}
		{E787FAA0-B64D-444A-8896-C9CEECFA42C3} = {E52AD6E9-417F-4449-8F02-37238864E3E1}
		{41D85B37-9D4B-4011-BD7A-CA35B97F34FC} = {E52AD6E9-417F-4449-8F02-37238864E3E1}
		{9EE6D393-DF43-45A7-B34C-6F657035811E} = {667C0B6A-AC0D-4EA0-860D-4A0E16635B2F}
		{B382C427-CAB7-48C6-92C4-845DFCE7BEF5} = {8848C58D-BA82-4F30-8EB9-41420AC39017}
		{75D8B08F-FC1E-4103-BB7E-D9AD83F69636} = {8848C58D-BA82-4F30-8EB9-41420AC39017}
		{F86AEE06-1F7C-41C0-A3BF-D1371045CE35} = {8848C58D-BA82-4F30-8EB9-41420AC39017}
		{7B26F19E-736B-42AF-B4AE-BD8B0F2EDE7E} = {8848C58D-BA82-4F30-8EB9-41420AC39017}
		{F1153F30-6154-4CF1-8509-4039FA31523B} = {8848C58D-BA82-4F30-8EB9-41420AC39017}
	EndGlobalSection
EndGlobal
