
Microsoft Visual Studio Solution File, Format Version 12.00
# Visual Studio Version 17
VisualStudioVersion = 17.5.33530.505
MinimumVisualStudioVersion = 10.0.40219.1
Project("{9A19103F-16F7-4668-BE54-9A1E7A4F7556}") = "WASMWithAuth.Server", "WASMWithAuth\Server\WASMWithAuth.Server.csproj", "{A469703E-2033-4C41-982C-676747DD9AB3}"
EndProject
Project("{9A19103F-16F7-4668-BE54-9A1E7A4F7556}") = "WASMWithAuth.Client", "WASMWithAuth\Client\WASMWithAuth.Client.csproj", "{63C18F3F-90E3-4F87-87FD-1E79C125B772}"
EndProject
Project("{9A19103F-16F7-4668-BE54-9A1E7A4F7556}") = "WASMWithAuth.Shared", "WASMWithAuth\Shared\WASMWithAuth.Shared.csproj", "{4AEA87AE-0AF8-4BD7-814B-D26FA98DF2B5}"
EndProject
Global
	GlobalSection(SolutionConfigurationPlatforms) = preSolution
		Debug|Any CPU = Debug|Any CPU
		Release|Any CPU = Release|Any CPU
	EndGlobalSection
	GlobalSection(ProjectConfigurationPlatforms) = postSolution
		{A469703E-2033-4C41-982C-676747DD9AB3}.Debug|Any CPU.ActiveCfg = Debug|Any CPU
		{A469703E-2033-4C41-982C-676747DD9AB3}.Debug|Any CPU.Build.0 = Debug|Any CPU
		{A469703E-2033-4C41-982C-676747DD9AB3}.Release|Any CPU.ActiveCfg = Release|Any CPU
		{A469703E-2033-4C41-982C-676747DD9AB3}.Release|Any CPU.Build.0 = Release|Any CPU
		{63C18F3F-90E3-4F87-87FD-1E79C125B772}.Debug|Any CPU.ActiveCfg = Debug|Any CPU
		{63C18F3F-90E3-4F87-87FD-1E79C125B772}.Debug|Any CPU.Build.0 = Debug|Any CPU
		{63C18F3F-90E3-4F87-87FD-1E79C125B772}.Release|Any CPU.ActiveCfg = Release|Any CPU
		{63C18F3F-90E3-4F87-87FD-1E79C125B772}.Release|Any CPU.Build.0 = Release|Any CPU
		{4AEA87AE-0AF8-4BD7-814B-D26FA98DF2B5}.Debug|Any CPU.ActiveCfg = Debug|Any CPU
		{4AEA87AE-0AF8-4BD7-814B-D26FA98DF2B5}.Debug|Any CPU.Build.0 = Debug|Any CPU
		{4AEA87AE-0AF8-4BD7-814B-D26FA98DF2B5}.Release|Any CPU.ActiveCfg = Release|Any CPU
		{4AEA87AE-0AF8-4BD7-814B-D26FA98DF2B5}.Release|Any CPU.Build.0 = Release|Any CPU
	EndGlobalSection
	GlobalSection(SolutionProperties) = preSolution
		HideSolutionNode = FALSE
	EndGlobalSection
	GlobalSection(ExtensibilityGlobals) = postSolution
		SolutionGuid = {7E17294F-7FA2-46A3-8B3D-9F537FE2B41E}
	EndGlobalSection
EndGlobal
